{
  "name": "thanks",
  "lockfileVersion": 3,
  "requires": true,
  "packages": {
    "": {
      "dependencies": {
        "aicommits": "^1.5.0"
      }
    },
    "node_modules/@dqbd/tiktoken": {
      "version": "1.0.3",
      "resolved": "https://registry.npmjs.org/@dqbd/tiktoken/-/tiktoken-1.0.3.tgz",
      "integrity": "sha512-xOg+NjwQE/o5Gf812W2drXGDaKiE+qKCmwxV95tQ2Y/e7aypDOntTH/UUpno82UAU2Hbyh6poDt1KXR/EFMrmQ=="
    },
    "node_modules/aicommits": {
      "version": "1.8.1",
      "resolved": "https://registry.npmjs.org/aicommits/-/aicommits-1.8.1.tgz",
      "integrity": "sha512-C3z4wajR9lRI0CngZO9DHuqBAfAxdHzC1wXJgexzWwx68d/eZ4Jp3myknDGoBB0lsaM3GlzJWZC78zjO3mZfbA==",
      "dependencies": {
        "@dqbd/tiktoken": "^1.0.2"
      },
      "bin": {
        "aic": "dist/cli.mjs",
        "aicommits": "dist/cli.mjs"
      }
    }
  }
}
