{
  "name": "thanks",
  "lockfileVersion": 3,
  "requires": true,
  "packages": {
    "": {
      "dependencies": {
        "aicommits": "^1.5.0"
      }
    },
    "node_modules/@dqbd/tiktoken": {
      "version": "0.4.0",
      "resolved": "https://registry.npmjs.org/@dqbd/tiktoken/-/tiktoken-0.4.0.tgz",
      "integrity": "sha512-iaHgmwKAOqowBFZKxelyszoeGLoNw62eOULcmyme1aA1Ymr3JgYl0V7jwpuUm7fksalycZajx3loFn9TRUaviw=="
    },
    "node_modules/aicommits": {
      "version": "1.5.0",
      "resolved": "https://registry.npmjs.org/aicommits/-/aicommits-1.5.0.tgz",
      "integrity": "sha512-6H34cjMUGHLS5zGF2W52h2JF/42IbokTKX4NSGMHi4FA3gg6cZVJ4TvBYWYPEQixYJkshd59QL004MT9pY5ozA==",
      "dependencies": {
        "@dqbd/tiktoken": "^0.4.0"
      },
      "bin": {
        "aic": "dist/cli.mjs",
        "aicommits": "dist/cli.mjs"
      }
    }
  }
}
